<?xml version="1.0" encoding="utf-8"?>
<Project ToolsVersion="4.0" xmlns="http://schemas.microsoft.com/developer/msbuild/2003">
  <ItemGroup>
    <Filter Include="Source Files">
      <UniqueIdentifier>{4FC737F1-C7A5-4376-A066-2A32D752A2FF}</UniqueIdentifier>
      <Extensions>cpp;c;cc;cxx;c++;cppm;ixx;def;odl;idl;hpj;bat;asm;asmx</Extensions>
    </Filter>
    <Filter Include="Header Files">
      <UniqueIdentifier>{93995380-89BD-4b04-88EB-625FBE52EBFB}</UniqueIdentifier>
      <Extensions>h;hh;hpp;hxx;h++;hm;inl;inc;ipp;xsd</Extensions>
    </Filter>
    <Filter Include="Resource Files">
      <UniqueIdentifier>{67DA6AB6-F800-4c08-8B7A-83BB121AAD01}</UniqueIdentifier>
      <Extensions>rc;ico;cur;bmp;dlg;rc2;rct;bin;rgs;gif;jpg;jpeg;jpe;resx;tiff;tif;png;wav;mfcribbon-ms</Extensions>
    </Filter>
  </ItemGroup>
  <ItemGroup>
    <ClCompile Include="src\Utils\FileCommandLoader.cpp">
      <Filter>Source Files</Filter>
    </ClCompile>
    <ClCompile Include="src\Utils\Utils.cpp">
      <Filter>Source Files</Filter>
    </ClCompile>
    <ClCompile Include="src\Utils\Vec2D.cpp">
      <Filter>Source Files</Filter>
    </ClCompile>
    <ClCompile Include="src\Scenes\MapEditorScene.cpp">
      <Filter>Source Files</Filter>
    </ClCompile>
    <ClCompile Include="src\_App\Application.cpp">
      <Filter>Source Files</Filter>
    </ClCompile>
    <ClCompile Include="libs\imgui\imgui.cpp">
      <Filter>Source Files</Filter>
    </ClCompile>
    <ClCompile Include="libs\imgui\imgui_demo.cpp">
      <Filter>Source Files</Filter>
    </ClCompile>
    <ClCompile Include="libs\imgui\imgui_draw.cpp">
      <Filter>Source Files</Filter>
    </ClCompile>
    <ClCompile Include="libs\imgui\imgui_impl_sdl.cpp">
      <Filter>Source Files</Filter>
    </ClCompile>
    <ClCompile Include="libs\imgui\imgui_sdl.cpp">
      <Filter>Source Files</Filter>
    </ClCompile>
    <ClCompile Include="libs\imgui\imgui_widgets.cpp">
      <Filter>Source Files</Filter>
    </ClCompile>
    <ClCompile Include="src\main.cpp">
      <Filter>Source Files</Filter>
    </ClCompile>
  </ItemGroup>
  <ItemGroup>
    <ClInclude Include="src\Utils\FileCommandLoader.h">
      <Filter>Header Files</Filter>
    </ClInclude>
    <ClInclude Include="src\Utils\Utils.h">
      <Filter>Header Files</Filter>
    </ClInclude>
    <ClInclude Include="src\Utils\Vec2D.h">
      <Filter>Header Files</Filter>
    </ClInclude>
    <ClInclude Include="src\Scenes\MapEditorScene.h">
      <Filter>Header Files</Filter>
    </ClInclude>
    <ClInclude Include="src\_App\Application.h">
      <Filter>Header Files</Filter>
    </ClInclude>
    <ClInclude Include="libs\imgui\imconfig.h">
      <Filter>Header Files</Filter>
    </ClInclude>
    <ClInclude Include="libs\imgui\imgui.h">
      <Filter>Header Files</Filter>
    </ClInclude>
    <ClInclude Include="libs\imgui\imgui_impl_sdl.h">
      <Filter>Header Files</Filter>
    </ClInclude>
    <ClInclude Include="libs\imgui\imgui_internal.h">
      <Filter>Header Files</Filter>
    </ClInclude>
    <ClInclude Include="libs\imgui\imgui_sdl.h">
      <Filter>Header Files</Filter>
    </ClInclude>
    <ClInclude Include="libs\imgui\imstb_rectpack.h">
      <Filter>Header Files</Filter>
    </ClInclude>
    <ClInclude Include="libs\imgui\imstb_textedit.h">
      <Filter>Header Files</Filter>
    </ClInclude>
    <ClInclude Include="libs\imgui\imstb_truetype.h">
      <Filter>Header Files</Filter>
    </ClInclude>
    <ClInclude Include="libs\lua\lauxlib.h">
      <Filter>Header Files</Filter>
    </ClInclude>
    <ClInclude Include="libs\lua\lua.h">
      <Filter>Header Files</Filter>
    </ClInclude>
    <ClInclude Include="libs\lua\lua.hpp">
      <Filter>Header Files</Filter>
    </ClInclude>
    <ClInclude Include="libs\lua\luaconf.h">
      <Filter>Header Files</Filter>
    </ClInclude>
    <ClInclude Include="libs\lua\lualib.h">
      <Filter>Header Files</Filter>
    </ClInclude>
    <ClInclude Include="libs\sol\compatibility\compat-5.3.c.h">
      <Filter>Header Files</Filter>
    </ClInclude>
    <ClInclude Include="libs\sol\compatibility\compat-5.3.h">
      <Filter>Header Files</Filter>
    </ClInclude>
    <ClInclude Include="libs\sol\compatibility\compat-5.4.h">
      <Filter>Header Files</Filter>
    </ClInclude>
    <ClInclude Include="libs\sol\compatibility\lua_version.hpp">
      <Filter>Header Files</Filter>
    </ClInclude>
    <ClInclude Include="libs\sol\detail\build_version.hpp">
      <Filter>Header Files</Filter>
    </ClInclude>
    <ClInclude Include="libs\sol\stack\detail\pairs.hpp">
      <Filter>Header Files</Filter>
    </ClInclude>
    <ClInclude Include="libs\sol\utility\is_integer.hpp">
      <Filter>Header Files</Filter>
    </ClInclude>
    <ClInclude Include="libs\sol\utility\to_string.hpp">
      <Filter>Header Files</Filter>
    </ClInclude>
    <ClInclude Include="libs\sol\._sol.hpp">
      <Filter>Header Files</Filter>
    </ClInclude>
    <ClInclude Include="libs\sol\as_args.hpp">
      <Filter>Header Files</Filter>
    </ClInclude>
    <ClInclude Include="libs\sol\as_returns.hpp">
      <Filter>Header Files</Filter>
    </ClInclude>
    <ClInclude Include="libs\sol\assert.hpp">
      <Filter>Header Files</Filter>
    </ClInclude>
    <ClInclude Include="libs\sol\base_traits.hpp">
      <Filter>Header Files</Filter>
    </ClInclude>
    <ClInclude Include="libs\sol\bind_traits.hpp">
      <Filter>Header Files</Filter>
    </ClInclude>
    <ClInclude Include="libs\sol\bytecode.hpp">
      <Filter>Header Files</Filter>
    </ClInclude>
    <ClInclude Include="libs\sol\call.hpp">
      <Filter>Header Files</Filter>
    </ClInclude>
    <ClInclude Include="libs\sol\compatibility.hpp">
      <Filter>Header Files</Filter>
    </ClInclude>
    <ClInclude Include="libs\sol\config.hpp">
      <Filter>Header Files</Filter>
    </ClInclude>
    <ClInclude Include="libs\sol\coroutine.hpp">
      <Filter>Header Files</Filter>
    </ClInclude>
    <ClInclude Include="libs\sol\debug.hpp">
      <Filter>Header Files</Filter>
    </ClInclude>
    <ClInclude Include="libs\sol\demangle.hpp">
      <Filter>Header Files</Filter>
    </ClInclude>
    <ClInclude Include="libs\sol\deprecate.hpp">
      <Filter>Header Files</Filter>
    </ClInclude>
    <ClInclude Include="libs\sol\dump_handler.hpp">
      <Filter>Header Files</Filter>
    </ClInclude>
    <ClInclude Include="libs\sol\ebco.hpp">
      <Filter>Header Files</Filter>
    </ClInclude>
    <ClInclude Include="libs\sol\environment.hpp">
      <Filter>Header Files</Filter>
    </ClInclude>
    <ClInclude Include="libs\sol\epilogue.hpp">
      <Filter>Header Files</Filter>
    </ClInclude>
    <ClInclude Include="libs\sol\error.hpp">
      <Filter>Header Files</Filter>
    </ClInclude>
    <ClInclude Include="libs\sol\error_handler.hpp">
      <Filter>Header Files</Filter>
    </ClInclude>
    <ClInclude Include="libs\sol\forward.hpp">
      <Filter>Header Files</Filter>
    </ClInclude>
    <ClInclude Include="libs\sol\forward_detail.hpp">
      <Filter>Header Files</Filter>
    </ClInclude>
    <ClInclude Include="libs\sol\function.hpp">
      <Filter>Header Files</Filter>
    </ClInclude>
    <ClInclude Include="libs\sol\function_result.hpp">
      <Filter>Header Files</Filter>
    </ClInclude>
    <ClInclude Include="libs\sol\function_types.hpp">
      <Filter>Header Files</Filter>
    </ClInclude>
    <ClInclude Include="libs\sol\function_types_core.hpp">
      <Filter>Header Files</Filter>
    </ClInclude>
    <ClInclude Include="libs\sol\function_types_overloaded.hpp">
      <Filter>Header Files</Filter>
    </ClInclude>
    <ClInclude Include="libs\sol\function_types_stateful.hpp">
      <Filter>Header Files</Filter>
    </ClInclude>
    <ClInclude Include="libs\sol\function_types_stateless.hpp">
      <Filter>Header Files</Filter>
    </ClInclude>
    <ClInclude Include="libs\sol\function_types_templated.hpp">
      <Filter>Header Files</Filter>
    </ClInclude>
    <ClInclude Include="libs\sol\in_place.hpp">
      <Filter>Header Files</Filter>
    </ClInclude>
    <ClInclude Include="libs\sol\inheritance.hpp">
      <Filter>Header Files</Filter>
    </ClInclude>
    <ClInclude Include="libs\sol\load_result.hpp">
      <Filter>Header Files</Filter>
    </ClInclude>
    <ClInclude Include="libs\sol\lua_table.hpp">
      <Filter>Header Files</Filter>
    </ClInclude>
    <ClInclude Include="libs\sol\lua_value.hpp">
      <Filter>Header Files</Filter>
    </ClInclude>
    <ClInclude Include="libs\sol\make_reference.hpp">
      <Filter>Header Files</Filter>
    </ClInclude>
    <ClInclude Include="libs\sol\metatable.hpp">
      <Filter>Header Files</Filter>
    </ClInclude>
    <ClInclude Include="libs\sol\object.hpp">
      <Filter>Header Files</Filter>
    </ClInclude>
    <ClInclude Include="libs\sol\object_base.hpp">
      <Filter>Header Files</Filter>
    </ClInclude>
    <ClInclude Include="libs\sol\optional.hpp">
      <Filter>Header Files</Filter>
    </ClInclude>
    <ClInclude Include="libs\sol\optional_implementation.hpp">
      <Filter>Header Files</Filter>
    </ClInclude>
    <ClInclude Include="libs\sol\overload.hpp">
      <Filter>Header Files</Filter>
    </ClInclude>
    <ClInclude Include="libs\sol\packaged_coroutine.hpp">
      <Filter>Header Files</Filter>
    </ClInclude>
    <ClInclude Include="libs\sol\pairs_iterator.hpp">
      <Filter>Header Files</Filter>
    </ClInclude>
    <ClInclude Include="libs\sol\pointer_like.hpp">
      <Filter>Header Files</Filter>
    </ClInclude>
    <ClInclude Include="libs\sol\policies.hpp">
      <Filter>Header Files</Filter>
    </ClInclude>
    <ClInclude Include="libs\sol\prologue.hpp">
      <Filter>Header Files</Filter>
    </ClInclude>
    <ClInclude Include="libs\sol\property.hpp">
      <Filter>Header Files</Filter>
    </ClInclude>
    <ClInclude Include="libs\sol\protect.hpp">
      <Filter>Header Files</Filter>
    </ClInclude>
    <ClInclude Include="libs\sol\protected_function.hpp">
      <Filter>Header Files</Filter>
    </ClInclude>
    <ClInclude Include="libs\sol\protected_function_result.hpp">
      <Filter>Header Files</Filter>
    </ClInclude>
    <ClInclude Include="libs\sol\protected_handler.hpp">
      <Filter>Header Files</Filter>
    </ClInclude>
    <ClInclude Include="libs\sol\proxy_base.hpp">
      <Filter>Header Files</Filter>
    </ClInclude>
    <ClInclude Include="libs\sol\raii.hpp">
      <Filter>Header Files</Filter>
    </ClInclude>
    <ClInclude Include="libs\sol\reference.hpp">
      <Filter>Header Files</Filter>
    </ClInclude>
    <ClInclude Include="libs\sol\resolve.hpp">
      <Filter>Header Files</Filter>
    </ClInclude>
    <ClInclude Include="libs\sol\sol.hpp">
      <Filter>Header Files</Filter>
    </ClInclude>
    <ClInclude Include="libs\sol\stack.hpp">
      <Filter>Header Files</Filter>
    </ClInclude>
    <ClInclude Include="libs\sol\stack_check.hpp">
      <Filter>Header Files</Filter>
    </ClInclude>
    <ClInclude Include="libs\sol\stack_check_get.hpp">
      <Filter>Header Files</Filter>
    </ClInclude>
    <ClInclude Include="libs\sol\stack_check_get_qualified.hpp">
      <Filter>Header Files</Filter>
    </ClInclude>
    <ClInclude Include="libs\sol\stack_check_get_unqualified.hpp">
      <Filter>Header Files</Filter>
    </ClInclude>
    <ClInclude Include="libs\sol\stack_check_qualified.hpp">
      <Filter>Header Files</Filter>
    </ClInclude>
    <ClInclude Include="libs\sol\stack_check_unqualified.hpp">
      <Filter>Header Files</Filter>
    </ClInclude>
    <ClInclude Include="libs\sol\stack_core.hpp">
      <Filter>Header Files</Filter>
    </ClInclude>
    <ClInclude Include="libs\sol\stack_field.hpp">
      <Filter>Header Files</Filter>
    </ClInclude>
    <ClInclude Include="libs\sol\stack_get.hpp">
      <Filter>Header Files</Filter>
    </ClInclude>
    <ClInclude Include="libs\sol\stack_get_qualified.hpp">
      <Filter>Header Files</Filter>
    </ClInclude>
    <ClInclude Include="libs\sol\stack_get_unqualified.hpp">
      <Filter>Header Files</Filter>
    </ClInclude>
    <ClInclude Include="libs\sol\stack_guard.hpp">
      <Filter>Header Files</Filter>
    </ClInclude>
    <ClInclude Include="libs\sol\stack_iterator.hpp">
      <Filter>Header Files</Filter>
    </ClInclude>
    <ClInclude Include="libs\sol\stack_pop.hpp">
      <Filter>Header Files</Filter>
    </ClInclude>
    <ClInclude Include="libs\sol\stack_probe.hpp">
      <Filter>Header Files</Filter>
    </ClInclude>
    <ClInclude Include="libs\sol\stack_proxy.hpp">
      <Filter>Header Files</Filter>
    </ClInclude>
    <ClInclude Include="libs\sol\stack_proxy_base.hpp">
      <Filter>Header Files</Filter>
    </ClInclude>
    <ClInclude Include="libs\sol\stack_push.hpp">
      <Filter>Header Files</Filter>
    </ClInclude>
    <ClInclude Include="libs\sol\stack_reference.hpp">
      <Filter>Header Files</Filter>
    </ClInclude>
    <ClInclude Include="libs\sol\state.hpp">
      <Filter>Header Files</Filter>
    </ClInclude>
    <ClInclude Include="libs\sol\state_handling.hpp">
      <Filter>Header Files</Filter>
    </ClInclude>
    <ClInclude Include="libs\sol\state_view.hpp">
      <Filter>Header Files</Filter>
    </ClInclude>
    <ClInclude Include="libs\sol\string_view.hpp">
      <Filter>Header Files</Filter>
    </ClInclude>
    <ClInclude Include="libs\sol\table.hpp">
      <Filter>Header Files</Filter>
    </ClInclude>
    <ClInclude Include="libs\sol\table_core.hpp">
      <Filter>Header Files</Filter>
    </ClInclude>
    <ClInclude Include="libs\sol\table_iterator.hpp">
      <Filter>Header Files</Filter>
    </ClInclude>
    <ClInclude Include="libs\sol\table_proxy.hpp">
      <Filter>Header Files</Filter>
    </ClInclude>
    <ClInclude Include="libs\sol\thread.hpp">
      <Filter>Header Files</Filter>
    </ClInclude>
    <ClInclude Include="libs\sol\tie.hpp">
      <Filter>Header Files</Filter>
    </ClInclude>
    <ClInclude Include="libs\sol\traits.hpp">
      <Filter>Header Files</Filter>
    </ClInclude>
    <ClInclude Include="libs\sol\trampoline.hpp">
      <Filter>Header Files</Filter>
    </ClInclude>
    <ClInclude Include="libs\sol\tuple.hpp">
      <Filter>Header Files</Filter>
    </ClInclude>
    <ClInclude Include="libs\sol\types.hpp">
      <Filter>Header Files</Filter>
    </ClInclude>
    <ClInclude Include="libs\sol\unicode.hpp">
      <Filter>Header Files</Filter>
    </ClInclude>
    <ClInclude Include="libs\sol\unique_usertype_traits.hpp">
      <Filter>Header Files</Filter>
    </ClInclude>
    <ClInclude Include="libs\sol\unsafe_function.hpp">
      <Filter>Header Files</Filter>
    </ClInclude>
    <ClInclude Include="libs\sol\unsafe_function_result.hpp">
      <Filter>Header Files</Filter>
    </ClInclude>
    <ClInclude Include="libs\sol\userdata.hpp">
      <Filter>Header Files</Filter>
    </ClInclude>
    <ClInclude Include="libs\sol\usertype.hpp">
      <Filter>Header Files</Filter>
    </ClInclude>
    <ClInclude Include="libs\sol\usertype_container.hpp">
      <Filter>Header Files</Filter>
    </ClInclude>
    <ClInclude Include="libs\sol\usertype_container_launch.hpp">
      <Filter>Header Files</Filter>
    </ClInclude>
    <ClInclude Include="libs\sol\usertype_core.hpp">
      <Filter>Header Files</Filter>
    </ClInclude>
    <ClInclude Include="libs\sol\usertype_proxy.hpp">
      <Filter>Header Files</Filter>
    </ClInclude>
    <ClInclude Include="libs\sol\usertype_storage.hpp">
      <Filter>Header Files</Filter>
    </ClInclude>
    <ClInclude Include="libs\sol\usertype_traits.hpp">
      <Filter>Header Files</Filter>
    </ClInclude>
    <ClInclude Include="libs\sol\variadic_args.hpp">
      <Filter>Header Files</Filter>
    </ClInclude>
    <ClInclude Include="libs\sol\variadic_results.hpp">
      <Filter>Header Files</Filter>
    </ClInclude>
    <ClInclude Include="libs\sol\version.hpp">
      <Filter>Header Files</Filter>
    </ClInclude>
    <ClInclude Include="libs\sol\wrapper.hpp">
      <Filter>Header Files</Filter>
    </ClInclude>
    <ClInclude Include="src\Utils\MapEditorUtils.h">
      <Filter>Header Files</Filter>
    </ClInclude>
    <ClInclude Include="src\Systems\AnimationSystem.h">
      <Filter>Header Files</Filter>
    </ClInclude>
    <ClInclude Include="src\Systems\MovementSystem.h">
      <Filter>Header Files</Filter>
    </ClInclude>
    <ClInclude Include="src\Systems\RenderSystem.h">
      <Filter>Header Files</Filter>
    </ClInclude>
    <ClInclude Include="src\Utils\Vec2DHash.h">
      <Filter>Header Files</Filter>
    </ClInclude>
  </ItemGroup>
  <ItemGroup>
    <Text Include="src\SceneBoilerPlate.txt" />
  </ItemGroup>
</Project>